<?xml version="1.0" encoding="utf-8"?>
<Project ToolsVersion="4.0" xmlns="http://schemas.microsoft.com/developer/msbuild/2003">
  <ItemGroup>
    <Filter Include="Source Files">
      <UniqueIdentifier>{4FC737F1-C7A5-4376-A066-2A32D752A2FF}</UniqueIdentifier>
      <Extensions>cpp;c;cc;cxx;def;odl;idl;hpj;bat;asm;asmx</Extensions>
    </Filter>
    <Filter Include="Header Files">
      <UniqueIdentifier>{93995380-89BD-4b04-88EB-625FBE52EBFB}</UniqueIdentifier>
      <Extensions>h;hpp;hxx;hm;inl;inc;xsd</Extensions>
    </Filter>
    <Filter Include="Resource Files">
      <UniqueIdentifier>{67DA6AB6-F800-4c08-8B7A-83BB121AAD01}</UniqueIdentifier>
      <Extensions>rc;ico;cur;bmp;dlg;rc2;rct;bin;rgs;gif;jpg;jpeg;jpe;resx;tiff;tif;png;wav</Extensions>
    </Filter>
  </ItemGroup>
  <ItemGroup>
    <ClCompile Include="LConnectorWorkManager.cpp">
      <Filter>Source Files</Filter>
    </ClCompile>
    <ClCompile Include="LErrorWriter.cpp">
      <Filter>Source Files</Filter>
    </ClCompile>
    <ClCompile Include="LFixLenCircleBuf.cpp">
      <Filter>Source Files</Filter>
    </ClCompile>
    <ClCompile Include="LIniFileReadAndWrite.cpp">
      <Filter>Source Files</Filter>
    </ClCompile>
    <ClCompile Include="LListenSocket.cpp">
      <Filter>Source Files</Filter>
    </ClCompile>
    <ClCompile Include="LNetWorkServices.cpp">
      <Filter>Source Files</Filter>
    </ClCompile>
    <ClCompile Include="LPacketBase.cpp">
      <Filter>Source Files</Filter>
    </ClCompile>
    <ClCompile Include="LPacketBroadCast.cpp">
      <Filter>Source Files</Filter>
    </ClCompile>
    <ClCompile Include="LPacketPoolManager.cpp">
      <Filter>Source Files</Filter>
    </ClCompile>
    <ClCompile Include="LPacketSingle.cpp">
      <Filter>Source Files</Filter>
    </ClCompile>
    <ClCompile Include="LSelectServer.cpp">
      <Filter>Source Files</Filter>
    </ClCompile>
    <ClCompile Include="LSocket.cpp">
      <Filter>Source Files</Filter>
    </ClCompile>
    <ClCompile Include="LThreadBase.cpp">
      <Filter>Source Files</Filter>
    </ClCompile>
    <ClCompile Include="main.cpp">
      <Filter>Source Files</Filter>
    </ClCompile>
    <ClCompile Include="SelectServerMainLogicThread.cpp">
      <Filter>Source Files</Filter>
    </ClCompile>
  </ItemGroup>
  <ItemGroup>
    <ClInclude Include="IncludeHeader.h">
      <Filter>Header Files</Filter>
    </ClInclude>
    <ClInclude Include="LConnectorWorkManager.h">
      <Filter>Header Files</Filter>
    </ClInclude>
    <ClInclude Include="LErrorWriter.h">
      <Filter>Header Files</Filter>
    </ClInclude>
    <ClInclude Include="lfixlencirclebuf.h">
      <Filter>Header Files</Filter>
    </ClInclude>
    <ClInclude Include="LIniFileReadAndWrite.h">
      <Filter>Header Files</Filter>
    </ClInclude>
    <ClInclude Include="LListenSocket.h">
      <Filter>Header Files</Filter>
    </ClInclude>
    <ClInclude Include="LNetWorkServices.h">
      <Filter>Header Files</Filter>
    </ClInclude>
    <ClInclude Include="LPacketBase.h">
      <Filter>Header Files</Filter>
    </ClInclude>
    <ClInclude Include="LPacketBroadCast.h">
      <Filter>Header Files</Filter>
    </ClInclude>
    <ClInclude Include="LPacketPoolManager.h">
      <Filter>Header Files</Filter>
    </ClInclude>
    <ClInclude Include="LPacketSingle.h">
      <Filter>Header Files</Filter>
    </ClInclude>
    <ClInclude Include="LSelectServer.h">
      <Filter>Header Files</Filter>
    </ClInclude>
    <ClInclude Include="LSocket.h">
      <Filter>Header Files</Filter>
    </ClInclude>
    <ClInclude Include="LThreadBase.h">
      <Filter>Header Files</Filter>
    </ClInclude>
    <ClInclude Include="SelectServerMainLogicThread.h">
      <Filter>Header Files</Filter>
    </ClInclude>
  </ItemGroup>
  <ItemGroup>
    <None Include="..\Release\SelectServerConfig.ini">
      <Filter>Resource Files</Filter>
    </None>
  </ItemGroup>
</Project>